
Microsoft Visual Studio Solution File, Format Version 12.00
# Visual Studio 2012
Project("{FAE04EC0-301F-11D3-BF4B-00C04F79EFBC}") = "TestPage", "TestPage\TestPage.csproj", "{C5243966-FB5A-4D3F-B54C-00A9AB611B77}"
EndProject
Project("{FAE04EC0-301F-11D3-BF4B-00C04F79EFBC}") = "Isha.WindowsApp.Server", "Isha.WindowsApp.Server\Isha.WindowsApp.Server.csproj", "{B6F242F5-1C8D-4C79-BA21-CF129032479D}"
EndProject
Project("{FAE04EC0-301F-11D3-BF4B-00C04F79EFBC}") = "WP8ProgramSearch", "Isha.WP8ProgramSearch\WP8ProgramSearch.csproj", "{B5949DD3-7243-48F7-BAA7-F53EBAD86CF6}"
EndProject
Project("{FAE04EC0-301F-11D3-BF4B-00C04F79EFBC}") = "IshaWinRT", "StoreApps\IshaHome\IshaWinRT.csproj", "{441462D2-0122-454B-B6C8-B35694F93DB7}"
EndProject
Global
	GlobalSection(SolutionConfigurationPlatforms) = preSolution
		Debug|Any CPU = Debug|Any CPU
		Debug|ARM = Debug|ARM
		Debug|x64 = Debug|x64
		Debug|x86 = Debug|x86
		Release|Any CPU = Release|Any CPU
		Release|ARM = Release|ARM
		Release|x64 = Release|x64
		Release|x86 = Release|x86
	EndGlobalSection
	GlobalSection(ProjectConfigurationPlatforms) = postSolution
		{C5243966-FB5A-4D3F-B54C-00A9AB611B77}.Debug|Any CPU.ActiveCfg = Debug|Any CPU
		{C5243966-FB5A-4D3F-B54C-00A9AB611B77}.Debug|Any CPU.Build.0 = Debug|Any CPU
		{C5243966-FB5A-4D3F-B54C-00A9AB611B77}.Debug|Any CPU.Deploy.0 = Debug|Any CPU
		{C5243966-FB5A-4D3F-B54C-00A9AB611B77}.Debug|ARM.ActiveCfg = Debug|ARM
		{C5243966-FB5A-4D3F-B54C-00A9AB611B77}.Debug|ARM.Build.0 = Debug|ARM
		{C5243966-FB5A-4D3F-B54C-00A9AB611B77}.Debug|ARM.Deploy.0 = Debug|ARM
		{C5243966-FB5A-4D3F-B54C-00A9AB611B77}.Debug|x64.ActiveCfg = Debug|Any CPU
		{C5243966-FB5A-4D3F-B54C-00A9AB611B77}.Debug|x86.ActiveCfg = Debug|x86
		{C5243966-FB5A-4D3F-B54C-00A9AB611B77}.Debug|x86.Build.0 = Debug|x86
		{C5243966-FB5A-4D3F-B54C-00A9AB611B77}.Debug|x86.Deploy.0 = Debug|x86
		{C5243966-FB5A-4D3F-B54C-00A9AB611B77}.Release|Any CPU.ActiveCfg = Release|Any CPU
		{C5243966-FB5A-4D3F-B54C-00A9AB611B77}.Release|Any CPU.Build.0 = Release|Any CPU
		{C5243966-FB5A-4D3F-B54C-00A9AB611B77}.Release|Any CPU.Deploy.0 = Release|Any CPU
		{C5243966-FB5A-4D3F-B54C-00A9AB611B77}.Release|ARM.ActiveCfg = Release|ARM
		{C5243966-FB5A-4D3F-B54C-00A9AB611B77}.Release|ARM.Build.0 = Release|ARM
		{C5243966-FB5A-4D3F-B54C-00A9AB611B77}.Release|ARM.Deploy.0 = Release|ARM
		{C5243966-FB5A-4D3F-B54C-00A9AB611B77}.Release|x64.ActiveCfg = Release|Any CPU
		{C5243966-FB5A-4D3F-B54C-00A9AB611B77}.Release|x86.ActiveCfg = Release|x86
		{C5243966-FB5A-4D3F-B54C-00A9AB611B77}.Release|x86.Build.0 = Release|x86
		{C5243966-FB5A-4D3F-B54C-00A9AB611B77}.Release|x86.Deploy.0 = Release|x86
		{B6F242F5-1C8D-4C79-BA21-CF129032479D}.Debug|Any CPU.ActiveCfg = Debug|Any CPU
		{B6F242F5-1C8D-4C79-BA21-CF129032479D}.Debug|Any CPU.Build.0 = Debug|Any CPU
		{B6F242F5-1C8D-4C79-BA21-CF129032479D}.Debug|ARM.ActiveCfg = Debug|Any CPU
		{B6F242F5-1C8D-4C79-BA21-CF129032479D}.Debug|x64.ActiveCfg = Debug|Any CPU
		{B6F242F5-1C8D-4C79-BA21-CF129032479D}.Debug|x86.ActiveCfg = Debug|Any CPU
		{B6F242F5-1C8D-4C79-BA21-CF129032479D}.Release|Any CPU.ActiveCfg = Release|Any CPU
		{B6F242F5-1C8D-4C79-BA21-CF129032479D}.Release|Any CPU.Build.0 = Release|Any CPU
		{B6F242F5-1C8D-4C79-BA21-CF129032479D}.Release|ARM.ActiveCfg = Release|Any CPU
		{B6F242F5-1C8D-4C79-BA21-CF129032479D}.Release|x64.ActiveCfg = Release|Any CPU
		{B6F242F5-1C8D-4C79-BA21-CF129032479D}.Release|x86.ActiveCfg = Release|Any CPU
		{B5949DD3-7243-48F7-BAA7-F53EBAD86CF6}.Debug|Any CPU.ActiveCfg = Debug|Any CPU
		{B5949DD3-7243-48F7-BAA7-F53EBAD86CF6}.Debug|Any CPU.Build.0 = Debug|Any CPU
		{B5949DD3-7243-48F7-BAA7-F53EBAD86CF6}.Debug|Any CPU.Deploy.0 = Debug|Any CPU
		{B5949DD3-7243-48F7-BAA7-F53EBAD86CF6}.Debug|ARM.ActiveCfg = Debug|ARM
		{B5949DD3-7243-48F7-BAA7-F53EBAD86CF6}.Debug|ARM.Build.0 = Debug|ARM
		{B5949DD3-7243-48F7-BAA7-F53EBAD86CF6}.Debug|ARM.Deploy.0 = Debug|ARM
		{B5949DD3-7243-48F7-BAA7-F53EBAD86CF6}.Debug|x64.ActiveCfg = Debug|Any CPU
		{B5949DD3-7243-48F7-BAA7-F53EBAD86CF6}.Debug|x86.ActiveCfg = Debug|x86
		{B5949DD3-7243-48F7-BAA7-F53EBAD86CF6}.Debug|x86.Build.0 = Debug|x86
		{B5949DD3-7243-48F7-BAA7-F53EBAD86CF6}.Debug|x86.Deploy.0 = Debug|x86
		{B5949DD3-7243-48F7-BAA7-F53EBAD86CF6}.Release|Any CPU.ActiveCfg = Release|Any CPU
		{B5949DD3-7243-48F7-BAA7-F53EBAD86CF6}.Release|Any CPU.Build.0 = Release|Any CPU
		{B5949DD3-7243-48F7-BAA7-F53EBAD86CF6}.Release|Any CPU.Deploy.0 = Release|Any CPU
		{B5949DD3-7243-48F7-BAA7-F53EBAD86CF6}.Release|ARM.ActiveCfg = Release|ARM
		{B5949DD3-7243-48F7-BAA7-F53EBAD86CF6}.Release|ARM.Build.0 = Release|ARM
		{B5949DD3-7243-48F7-BAA7-F53EBAD86CF6}.Release|ARM.Deploy.0 = Release|ARM
		{B5949DD3-7243-48F7-BAA7-F53EBAD86CF6}.Release|x64.ActiveCfg = Release|Any CPU
		{B5949DD3-7243-48F7-BAA7-F53EBAD86CF6}.Release|x86.ActiveCfg = Release|x86
		{B5949DD3-7243-48F7-BAA7-F53EBAD86CF6}.Release|x86.Build.0 = Release|x86
		{B5949DD3-7243-48F7-BAA7-F53EBAD86CF6}.Release|x86.Deploy.0 = Release|x86
		{441462D2-0122-454B-B6C8-B35694F93DB7}.Debug|Any CPU.ActiveCfg = Debug|Any CPU
		{441462D2-0122-454B-B6C8-B35694F93DB7}.Debug|Any CPU.Build.0 = Debug|Any CPU
		{441462D2-0122-454B-B6C8-B35694F93DB7}.Debug|Any CPU.Deploy.0 = Debug|Any CPU
		{441462D2-0122-454B-B6C8-B35694F93DB7}.Debug|ARM.ActiveCfg = Debug|ARM
		{441462D2-0122-454B-B6C8-B35694F93DB7}.Debug|ARM.Build.0 = Debug|ARM
		{441462D2-0122-454B-B6C8-B35694F93DB7}.Debug|ARM.Deploy.0 = Debug|ARM
		{441462D2-0122-454B-B6C8-B35694F93DB7}.Debug|x64.ActiveCfg = Debug|x64
		{441462D2-0122-454B-B6C8-B35694F93DB7}.Debug|x64.Build.0 = Debug|x64
		{441462D2-0122-454B-B6C8-B35694F93DB7}.Debug|x64.Deploy.0 = Debug|x64
		{441462D2-0122-454B-B6C8-B35694F93DB7}.Debug|x86.ActiveCfg = Debug|x86
		{441462D2-0122-454B-B6C8-B35694F93DB7}.Debug|x86.Build.0 = Debug|x86
		{441462D2-0122-454B-B6C8-B35694F93DB7}.Debug|x86.Deploy.0 = Debug|x86
		{441462D2-0122-454B-B6C8-B35694F93DB7}.Release|Any CPU.ActiveCfg = Release|Any CPU
		{441462D2-0122-454B-B6C8-B35694F93DB7}.Release|Any CPU.Build.0 = Release|Any CPU
		{441462D2-0122-454B-B6C8-B35694F93DB7}.Release|Any CPU.Deploy.0 = Release|Any CPU
		{441462D2-0122-454B-B6C8-B35694F93DB7}.Release|ARM.ActiveCfg = Release|ARM
		{441462D2-0122-454B-B6C8-B35694F93DB7}.Release|ARM.Build.0 = Release|ARM
		{441462D2-0122-454B-B6C8-B35694F93DB7}.Release|ARM.Deploy.0 = Release|ARM
		{441462D2-0122-454B-B6C8-B35694F93DB7}.Release|x64.ActiveCfg = Release|x64
		{441462D2-0122-454B-B6C8-B35694F93DB7}.Release|x64.Build.0 = Release|x64
		{441462D2-0122-454B-B6C8-B35694F93DB7}.Release|x64.Deploy.0 = Release|x64
		{441462D2-0122-454B-B6C8-B35694F93DB7}.Release|x86.ActiveCfg = Release|x86
		{441462D2-0122-454B-B6C8-B35694F93DB7}.Release|x86.Build.0 = Release|x86
		{441462D2-0122-454B-B6C8-B35694F93DB7}.Release|x86.Deploy.0 = Release|x86
	EndGlobalSection
	GlobalSection(SolutionProperties) = preSolution
		HideSolutionNode = FALSE
	EndGlobalSection
EndGlobal
